
Microsoft Visual Studio Solution File, Format Version 12.00
# Visual Studio Version 17
VisualStudioVersion = 17.2.32616.157
MinimumVisualStudioVersion = 10.0.40219.1
Project("{FAE04EC0-301F-11D3-BF4B-00C04F79EFBC}") = "Aula20240509SelecaoEstados", "Aula20240509SelecaoEstados.csproj", "{F63FBD2B-6684-4574-90E6-D89EABE1A074}"
EndProject
Global
	GlobalSection(SolutionConfigurationPlatforms) = preSolution
		Debug|Any CPU = Debug|Any CPU
		Release|Any CPU = Release|Any CPU
	EndGlobalSection
	GlobalSection(ProjectConfigurationPlatforms) = postSolution
		{F63FBD2B-6684-4574-90E6-D89EABE1A074}.Debug|Any CPU.ActiveCfg = Debug|Any CPU
		{F63FBD2B-6684-4574-90E6-D89EABE1A074}.Debug|Any CPU.Build.0 = Debug|Any CPU
		{F63FBD2B-6684-4574-90E6-D89EABE1A074}.Release|Any CPU.ActiveCfg = Release|Any CPU
		{F63FBD2B-6684-4574-90E6-D89EABE1A074}.Release|Any CPU.Build.0 = Release|Any CPU
	EndGlobalSection
	GlobalSection(SolutionProperties) = preSolution
		HideSolutionNode = FALSE
	EndGlobalSection
	GlobalSection(ExtensibilityGlobals) = postSolution
		SolutionGuid = {CB2C8752-6ED0-4ECF-B977-1BCDEDCB58BD}
	EndGlobalSection
EndGlobal
